
Microsoft Visual Studio Solution File, Format Version 12.00
# Visual Studio Version 17
VisualStudioVersion = 17.12.35527.113 d17.12
MinimumVisualStudioVersion = 10.0.40219.1
Project("{FAE04EC0-301F-11D3-BF4B-00C04F79EFBC}") = "AquariumController", "AquariumController\AquariumController.csproj", "{EDD13697-47E0-47D4-B618-659B307CC72F}"
EndProject
Project("{FAE04EC0-301F-11D3-BF4B-00C04F79EFBC}") = "Lcd1602Controller", "Lcd1602Controller\Lcd1602Controller.csproj", "{B3B90665-26CF-488F-B997-8C9ADB71F999}"
EndProject
Project("{FAE04EC0-301F-11D3-BF4B-00C04F79EFBC}") = "InfoPages", "InfoPages\InfoPages.csproj", "{CDFD3152-DC12-426C-98FA-A85A59D0F79F}"
EndProject
Project("{9A19103F-16F7-4668-BE54-9A1E7A4F7556}") = "Helpers", "Helpers\Helpers.csproj", "{E8D88711-6F9D-44FA-9F2F-F2470403F67B}"
EndProject
Project("{FAE04EC0-301F-11D3-BF4B-00C04F79EFBC}") = "AquariumControllerChecker", "AquariumControllerChecker\AquariumControllerChecker.csproj", "{CCD18621-345A-46CF-AD32-B314F14597EB}"
EndProject
Global
	GlobalSection(SolutionConfigurationPlatforms) = preSolution
		Debug|Any CPU = Debug|Any CPU
		Release|Any CPU = Release|Any CPU
	EndGlobalSection
	GlobalSection(ProjectConfigurationPlatforms) = postSolution
		{EDD13697-47E0-47D4-B618-659B307CC72F}.Debug|Any CPU.ActiveCfg = Debug|Any CPU
		{EDD13697-47E0-47D4-B618-659B307CC72F}.Debug|Any CPU.Build.0 = Debug|Any CPU
		{EDD13697-47E0-47D4-B618-659B307CC72F}.Release|Any CPU.ActiveCfg = Release|Any CPU
		{EDD13697-47E0-47D4-B618-659B307CC72F}.Release|Any CPU.Build.0 = Release|Any CPU
		{B3B90665-26CF-488F-B997-8C9ADB71F999}.Debug|Any CPU.ActiveCfg = Debug|Any CPU
		{B3B90665-26CF-488F-B997-8C9ADB71F999}.Debug|Any CPU.Build.0 = Debug|Any CPU
		{B3B90665-26CF-488F-B997-8C9ADB71F999}.Release|Any CPU.ActiveCfg = Release|Any CPU
		{B3B90665-26CF-488F-B997-8C9ADB71F999}.Release|Any CPU.Build.0 = Release|Any CPU
		{CDFD3152-DC12-426C-98FA-A85A59D0F79F}.Debug|Any CPU.ActiveCfg = Debug|Any CPU
		{CDFD3152-DC12-426C-98FA-A85A59D0F79F}.Debug|Any CPU.Build.0 = Debug|Any CPU
		{CDFD3152-DC12-426C-98FA-A85A59D0F79F}.Release|Any CPU.ActiveCfg = Release|Any CPU
		{CDFD3152-DC12-426C-98FA-A85A59D0F79F}.Release|Any CPU.Build.0 = Release|Any CPU
		{E8D88711-6F9D-44FA-9F2F-F2470403F67B}.Debug|Any CPU.ActiveCfg = Debug|Any CPU
		{E8D88711-6F9D-44FA-9F2F-F2470403F67B}.Debug|Any CPU.Build.0 = Debug|Any CPU
		{E8D88711-6F9D-44FA-9F2F-F2470403F67B}.Release|Any CPU.ActiveCfg = Release|Any CPU
		{E8D88711-6F9D-44FA-9F2F-F2470403F67B}.Release|Any CPU.Build.0 = Release|Any CPU
		{CCD18621-345A-46CF-AD32-B314F14597EB}.Debug|Any CPU.ActiveCfg = Debug|Any CPU
		{CCD18621-345A-46CF-AD32-B314F14597EB}.Debug|Any CPU.Build.0 = Debug|Any CPU
		{CCD18621-345A-46CF-AD32-B314F14597EB}.Release|Any CPU.ActiveCfg = Release|Any CPU
		{CCD18621-345A-46CF-AD32-B314F14597EB}.Release|Any CPU.Build.0 = Release|Any CPU
	EndGlobalSection
	GlobalSection(SolutionProperties) = preSolution
		HideSolutionNode = FALSE
	EndGlobalSection
	GlobalSection(ExtensibilityGlobals) = postSolution
		SolutionGuid = {5DCDFF26-168C-4DE7-80E3-FB98E02669C3}
	EndGlobalSection
EndGlobal
